
Microsoft Visual Studio Solution File, Format Version 12.00
# Visual Studio Version 17
VisualStudioVersion = 17.0.31903.59
MinimumVisualStudioVersion = 10.0.40219.1
Project("{2150E333-8FDC-42A3-9474-1A3956D46DE8}") = "src", "src", "{FD929939-0EA6-5A9F-961B-403474FE82B5}"
EndProject
Project("{2150E333-8FDC-42A3-9474-1A3956D46DE8}") = "Analytics", "Analytics", "{730EAC3B-3C97-5466-96A8-85A3F7B0C672}"
EndProject
Project("{2150E333-8FDC-42A3-9474-1A3956D46DE8}") = "Bff", "Bff", "{857A8ECE-2FC7-5F12-A8C3-9A5E41480B18}"
EndProject
Project("{2150E333-8FDC-42A3-9474-1A3956D46DE8}") = "Framework", "Framework", "{B4048E37-3A2C-5DE1-9945-4161003461E5}"
EndProject
Project("{2150E333-8FDC-42A3-9474-1A3956D46DE8}") = "Gateway", "Gateway", "{0349A9C3-DD4B-5A0E-983E-95050219F655}"
EndProject
Project("{2150E333-8FDC-42A3-9474-1A3956D46DE8}") = "Migrator", "Migrator", "{BECC9B5D-BFE5-5C9B-80C4-FBC57E480D73}"
EndProject
Project("{2150E333-8FDC-42A3-9474-1A3956D46DE8}") = "Services", "Services", "{0311C49B-5483-555D-AA26-20B4EA80804C}"
EndProject
Project("{2150E333-8FDC-42A3-9474-1A3956D46DE8}") = "Knowledge", "Knowledge", "{06E4673C-7E51-5FEB-83B6-BC29DA14EDB8}"
EndProject
Project("{2150E333-8FDC-42A3-9474-1A3956D46DE8}") = "tests", "tests", "{2A7CC105-7443-5644-88DF-60E3AE6706AC}"
EndProject
Project("{2150E333-8FDC-42A3-9474-1A3956D46DE8}") = "SleepDiary", "SleepDiary", "{23358FC6-C93A-5475-BB02-E57C1C407B5F}"
EndProject
Project("{2150E333-8FDC-42A3-9474-1A3956D46DE8}") = "tests", "tests", "{44ABF079-CA60-56DF-98E8-37F05B88E924}"
EndProject
Project("{2150E333-8FDC-42A3-9474-1A3956D46DE8}") = "Tools", "Tools", "{C24AA53E-8A4E-5D71-BABD-04DDB22CD46D}"
EndProject
Project("{2150E333-8FDC-42A3-9474-1A3956D46DE8}") = "tests", "tests", "{C6F9EF17-464B-5568-87E7-FDD0B750CDA0}"
EndProject
Project("{9A19103F-16F7-4668-BE54-9A1E7A4F7556}") = "SuperApp.AnalyticsForwarder.Tests", "src\Analytics\SuperApp.AnalyticsForwarder.Tests\SuperApp.AnalyticsForwarder.Tests.csproj", "{F5851ED9-3D33-5A97-A375-559DDAA79B9A}"
EndProject
Project("{9A19103F-16F7-4668-BE54-9A1E7A4F7556}") = "SuperApp.AnalyticsForwarder", "src\Analytics\SuperApp.AnalyticsForwarder\SuperApp.AnalyticsForwarder.csproj", "{52717BB8-B807-5739-9AC2-572584E7F709}"
EndProject
Project("{9A19103F-16F7-4668-BE54-9A1E7A4F7556}") = "Example.Bff.Tests", "src\Bff\Example.Bff.Tests\Example.Bff.Tests.csproj", "{BEC21C7F-AB85-50E9-BCAE-163D8FB4A97A}"
EndProject
Project("{9A19103F-16F7-4668-BE54-9A1E7A4F7556}") = "Example.Bff", "src\Bff\Example.Bff\Example.Bff.csproj", "{192E14B0-53F2-5C7E-92C0-1DC92A5E1300}"
EndProject
Project("{9A19103F-16F7-4668-BE54-9A1E7A4F7556}") = "SuperApp.Framework.Application", "src\Framework\SuperApp.Framework.Application\SuperApp.Framework.Application.csproj", "{4602A9E5-CFE4-5263-A98D-0FD41B0C49B0}"
EndProject
Project("{9A19103F-16F7-4668-BE54-9A1E7A4F7556}") = "SuperApp.Framework.Domain", "src\Framework\SuperApp.Framework.Domain\SuperApp.Framework.Domain.csproj", "{15BD2AAC-8131-5094-B979-49410326420F}"
EndProject
Project("{9A19103F-16F7-4668-BE54-9A1E7A4F7556}") = "SuperApp.Framework.Infrastructure", "src\Framework\SuperApp.Framework.Infrastructure\SuperApp.Framework.Infrastructure.csproj", "{07EB49B9-40A1-59C4-AFED-A0001C3247F3}"
EndProject
Project("{9A19103F-16F7-4668-BE54-9A1E7A4F7556}") = "SuperApp.Framework.Testing", "src\Framework\SuperApp.Framework.Testing\SuperApp.Framework.Testing.csproj", "{A1DE5A3D-890A-5A4C-B7BE-822579BD205D}"
EndProject
Project("{9A19103F-16F7-4668-BE54-9A1E7A4F7556}") = "SuperApp.Gateway.Tests", "src\Gateway\SuperApp.Gateway.Tests\SuperApp.Gateway.Tests.csproj", "{2AC6C649-4993-56AF-84B1-7D2A3FC7F71E}"
EndProject
Project("{9A19103F-16F7-4668-BE54-9A1E7A4F7556}") = "SuperApp.Gateway", "src\Gateway\SuperApp.Gateway\SuperApp.Gateway.csproj", "{827C22C8-32CF-5CB5-BFF1-73942CE71AB6}"
EndProject
Project("{9A19103F-16F7-4668-BE54-9A1E7A4F7556}") = "SuperApp.Migrator", "src\Migrator\SuperApp.Migrator\SuperApp.Migrator.csproj", "{5785B0E3-E614-5BEB-BDC6-D6ADEFC22FAB}"
EndProject
Project("{9A19103F-16F7-4668-BE54-9A1E7A4F7556}") = "Knowledge.Api", "src\Services\Knowledge\Knowledge.Api\Knowledge.Api.csproj", "{5370AD1B-4027-54F5-B59C-9F3A11BB4412}"
EndProject
Project("{9A19103F-16F7-4668-BE54-9A1E7A4F7556}") = "Knowledge.Application", "src\Services\Knowledge\Knowledge.Application\Knowledge.Application.csproj", "{9BD0233D-51EC-5844-8642-3AABA0DDE78C}"
EndProject
Project("{9A19103F-16F7-4668-BE54-9A1E7A4F7556}") = "Knowledge.Contracts", "src\Services\Knowledge\Knowledge.Contracts\Knowledge.Contracts.csproj", "{46851419-C3C5-56C1-822D-F0A76FA7548C}"
EndProject
Project("{9A19103F-16F7-4668-BE54-9A1E7A4F7556}") = "Knowledge.Domain", "src\Services\Knowledge\Knowledge.Domain\Knowledge.Domain.csproj", "{D489470A-5A27-5825-81FD-E3106D81D3EC}"
EndProject
Project("{9A19103F-16F7-4668-BE54-9A1E7A4F7556}") = "Knowledge.Infrastructure", "src\Services\Knowledge\Knowledge.Infrastructure\Knowledge.Infrastructure.csproj", "{EF8769DA-367B-5639-B185-1D3CCD82AEB2}"
EndProject
Project("{9A19103F-16F7-4668-BE54-9A1E7A4F7556}") = "Knowledge.Worker", "src\Services\Knowledge\Knowledge.Worker\Knowledge.Worker.csproj", "{827B6D5A-E013-5D4E-BB48-D682594A8A61}"
EndProject
Project("{9A19103F-16F7-4668-BE54-9A1E7A4F7556}") = "Knowledge.Application.Tests", "src\Services\Knowledge\tests\Knowledge.Application.Tests\Knowledge.Application.Tests.csproj", "{8898B7F6-3333-564D-9DF2-9B2120E7AFCC}"
EndProject
Project("{9A19103F-16F7-4668-BE54-9A1E7A4F7556}") = "Knowledge.Domain.Tests", "src\Services\Knowledge\tests\Knowledge.Domain.Tests\Knowledge.Domain.Tests.csproj", "{B114793A-25DB-577A-8898-926AD28F18BD}"
EndProject
Project("{9A19103F-16F7-4668-BE54-9A1E7A4F7556}") = "Knowledge.IntegrationTests", "src\Services\Knowledge\tests\Knowledge.IntegrationTests\Knowledge.IntegrationTests.csproj", "{0D1560F8-414B-52E0-A79D-B39A9D6F1B1C}"
EndProject
Project("{9A19103F-16F7-4668-BE54-9A1E7A4F7556}") = "SleepDiary.Api", "src\Services\SleepDiary\SleepDiary.Api\SleepDiary.Api.csproj", "{99FF447F-2AF3-55DE-B9B4-8159ABFBA01D}"
EndProject
Project("{9A19103F-16F7-4668-BE54-9A1E7A4F7556}") = "SleepDiary.Application", "src\Services\SleepDiary\SleepDiary.Application\SleepDiary.Application.csproj", "{D46AAEAA-77F7-5156-ADB2-427373D90899}"
EndProject
Project("{9A19103F-16F7-4668-BE54-9A1E7A4F7556}") = "SleepDiary.Contracts", "src\Services\SleepDiary\SleepDiary.Contracts\SleepDiary.Contracts.csproj", "{655D2D6C-39D1-59B3-979C-B8F77826BC41}"
EndProject
Project("{9A19103F-16F7-4668-BE54-9A1E7A4F7556}") = "SleepDiary.Domain", "src\Services\SleepDiary\SleepDiary.Domain\SleepDiary.Domain.csproj", "{6F77158B-1BE8-5A9B-9038-B947BEC44561}"
EndProject
Project("{9A19103F-16F7-4668-BE54-9A1E7A4F7556}") = "SleepDiary.Infrastructure", "src\Services\SleepDiary\SleepDiary.Infrastructure\SleepDiary.Infrastructure.csproj", "{F7CE4507-2C8B-5702-A0C1-CCBF3BD2CCE7}"
EndProject
Project("{9A19103F-16F7-4668-BE54-9A1E7A4F7556}") = "SleepDiary.Worker", "src\Services\SleepDiary\SleepDiary.Worker\SleepDiary.Worker.csproj", "{3FAD9225-DA8F-51A7-BBB1-C930398D378B}"
EndProject
Project("{9A19103F-16F7-4668-BE54-9A1E7A4F7556}") = "SleepDiary.Application.Tests", "src\Services\SleepDiary\tests\SleepDiary.Application.Tests\SleepDiary.Application.Tests.csproj", "{38C21216-EEA0-51DA-AD40-B4A865F7B0C6}"
EndProject
Project("{9A19103F-16F7-4668-BE54-9A1E7A4F7556}") = "SleepDiary.Domain.Tests", "src\Services\SleepDiary\tests\SleepDiary.Domain.Tests\SleepDiary.Domain.Tests.csproj", "{62E9F846-4AA1-5CC5-9760-D151D4970458}"
EndProject
Project("{9A19103F-16F7-4668-BE54-9A1E7A4F7556}") = "SleepDiary.IntegrationTests", "src\Services\SleepDiary\tests\SleepDiary.IntegrationTests\SleepDiary.IntegrationTests.csproj", "{93CD9ABB-6779-547D-B278-66BB398B1D9F}"
EndProject
Project("{9A19103F-16F7-4668-BE54-9A1E7A4F7556}") = "SuperApp.Analyzers.Tests", "src\Tools\SuperApp.Analyzers.Tests\SuperApp.Analyzers.Tests.csproj", "{1198CD15-5BFA-5A78-A751-2E3A0AC5BDE2}"
EndProject
Project("{9A19103F-16F7-4668-BE54-9A1E7A4F7556}") = "SuperApp.Analyzers", "src\Tools\SuperApp.Analyzers\SuperApp.Analyzers.csproj", "{36DD2CF8-AEF6-5FF7-AC85-421CE6B3D066}"
EndProject
Project("{9A19103F-16F7-4668-BE54-9A1E7A4F7556}") = "SuperApp.Cli.Tests", "src\Tools\SuperApp.Cli.Tests\SuperApp.Cli.Tests.csproj", "{94418289-3D84-5895-9664-F16E0B141B8E}"
EndProject
Project("{9A19103F-16F7-4668-BE54-9A1E7A4F7556}") = "SuperApp.Cli", "src\Tools\SuperApp.Cli\SuperApp.Cli.csproj", "{DF215A7D-0908-5B92-84AE-22B62EFE9965}"
EndProject
Project("{9A19103F-16F7-4668-BE54-9A1E7A4F7556}") = "SuperApp.ArchitectureTests", "tests\SuperApp.ArchitectureTests\SuperApp.ArchitectureTests.csproj", "{D4890B19-A9BA-517C-B081-B2673211CDE7}"
EndProject
Global
	GlobalSection(SolutionConfigurationPlatforms) = preSolution
		Debug|Any CPU = Debug|Any CPU
		Release|Any CPU = Release|Any CPU
	EndGlobalSection
	GlobalSection(ProjectConfigurationPlatforms) = postSolution
		{F5851ED9-3D33-5A97-A375-559DDAA79B9A}.Debug|Any CPU.ActiveCfg = Debug|Any CPU
		{F5851ED9-3D33-5A97-A375-559DDAA79B9A}.Debug|Any CPU.Build.0 = Debug|Any CPU
		{F5851ED9-3D33-5A97-A375-559DDAA79B9A}.Release|Any CPU.ActiveCfg = Release|Any CPU
		{F5851ED9-3D33-5A97-A375-559DDAA79B9A}.Release|Any CPU.Build.0 = Release|Any CPU
		{52717BB8-B807-5739-9AC2-572584E7F709}.Debug|Any CPU.ActiveCfg = Debug|Any CPU
		{52717BB8-B807-5739-9AC2-572584E7F709}.Debug|Any CPU.Build.0 = Debug|Any CPU
		{52717BB8-B807-5739-9AC2-572584E7F709}.Release|Any CPU.ActiveCfg = Release|Any CPU
		{52717BB8-B807-5739-9AC2-572584E7F709}.Release|Any CPU.Build.0 = Release|Any CPU
		{BEC21C7F-AB85-50E9-BCAE-163D8FB4A97A}.Debug|Any CPU.ActiveCfg = Debug|Any CPU
		{BEC21C7F-AB85-50E9-BCAE-163D8FB4A97A}.Debug|Any CPU.Build.0 = Debug|Any CPU
		{BEC21C7F-AB85-50E9-BCAE-163D8FB4A97A}.Release|Any CPU.ActiveCfg = Release|Any CPU
		{BEC21C7F-AB85-50E9-BCAE-163D8FB4A97A}.Release|Any CPU.Build.0 = Release|Any CPU
		{192E14B0-53F2-5C7E-92C0-1DC92A5E1300}.Debug|Any CPU.ActiveCfg = Debug|Any CPU
		{192E14B0-53F2-5C7E-92C0-1DC92A5E1300}.Debug|Any CPU.Build.0 = Debug|Any CPU
		{192E14B0-53F2-5C7E-92C0-1DC92A5E1300}.Release|Any CPU.ActiveCfg = Release|Any CPU
		{192E14B0-53F2-5C7E-92C0-1DC92A5E1300}.Release|Any CPU.Build.0 = Release|Any CPU
		{4602A9E5-CFE4-5263-A98D-0FD41B0C49B0}.Debug|Any CPU.ActiveCfg = Debug|Any CPU
		{4602A9E5-CFE4-5263-A98D-0FD41B0C49B0}.Debug|Any CPU.Build.0 = Debug|Any CPU
		{4602A9E5-CFE4-5263-A98D-0FD41B0C49B0}.Release|Any CPU.ActiveCfg = Release|Any CPU
		{4602A9E5-CFE4-5263-A98D-0FD41B0C49B0}.Release|Any CPU.Build.0 = Release|Any CPU
		{15BD2AAC-8131-5094-B979-49410326420F}.Debug|Any CPU.ActiveCfg = Debug|Any CPU
		{15BD2AAC-8131-5094-B979-49410326420F}.Debug|Any CPU.Build.0 = Debug|Any CPU
		{15BD2AAC-8131-5094-B979-49410326420F}.Release|Any CPU.ActiveCfg = Release|Any CPU
		{15BD2AAC-8131-5094-B979-49410326420F}.Release|Any CPU.Build.0 = Release|Any CPU
		{07EB49B9-40A1-59C4-AFED-A0001C3247F3}.Debug|Any CPU.ActiveCfg = Debug|Any CPU
		{07EB49B9-40A1-59C4-AFED-A0001C3247F3}.Debug|Any CPU.Build.0 = Debug|Any CPU
		{07EB49B9-40A1-59C4-AFED-A0001C3247F3}.Release|Any CPU.ActiveCfg = Release|Any CPU
		{07EB49B9-40A1-59C4-AFED-A0001C3247F3}.Release|Any CPU.Build.0 = Release|Any CPU
		{A1DE5A3D-890A-5A4C-B7BE-822579BD205D}.Debug|Any CPU.ActiveCfg = Debug|Any CPU
		{A1DE5A3D-890A-5A4C-B7BE-822579BD205D}.Debug|Any CPU.Build.0 = Debug|Any CPU
		{A1DE5A3D-890A-5A4C-B7BE-822579BD205D}.Release|Any CPU.ActiveCfg = Release|Any CPU
		{A1DE5A3D-890A-5A4C-B7BE-822579BD205D}.Release|Any CPU.Build.0 = Release|Any CPU
		{2AC6C649-4993-56AF-84B1-7D2A3FC7F71E}.Debug|Any CPU.ActiveCfg = Debug|Any CPU
		{2AC6C649-4993-56AF-84B1-7D2A3FC7F71E}.Debug|Any CPU.Build.0 = Debug|Any CPU
		{2AC6C649-4993-56AF-84B1-7D2A3FC7F71E}.Release|Any CPU.ActiveCfg = Release|Any CPU
		{2AC6C649-4993-56AF-84B1-7D2A3FC7F71E}.Release|Any CPU.Build.0 = Release|Any CPU
		{827C22C8-32CF-5CB5-BFF1-73942CE71AB6}.Debug|Any CPU.ActiveCfg = Debug|Any CPU
		{827C22C8-32CF-5CB5-BFF1-73942CE71AB6}.Debug|Any CPU.Build.0 = Debug|Any CPU
		{827C22C8-32CF-5CB5-BFF1-73942CE71AB6}.Release|Any CPU.ActiveCfg = Release|Any CPU
		{827C22C8-32CF-5CB5-BFF1-73942CE71AB6}.Release|Any CPU.Build.0 = Release|Any CPU
		{5785B0E3-E614-5BEB-BDC6-D6ADEFC22FAB}.Debug|Any CPU.ActiveCfg = Debug|Any CPU
		{5785B0E3-E614-5BEB-BDC6-D6ADEFC22FAB}.Debug|Any CPU.Build.0 = Debug|Any CPU
		{5785B0E3-E614-5BEB-BDC6-D6ADEFC22FAB}.Release|Any CPU.ActiveCfg = Release|Any CPU
		{5785B0E3-E614-5BEB-BDC6-D6ADEFC22FAB}.Release|Any CPU.Build.0 = Release|Any CPU
		{5370AD1B-4027-54F5-B59C-9F3A11BB4412}.Debug|Any CPU.ActiveCfg = Debug|Any CPU
		{5370AD1B-4027-54F5-B59C-9F3A11BB4412}.Debug|Any CPU.Build.0 = Debug|Any CPU
		{5370AD1B-4027-54F5-B59C-9F3A11BB4412}.Release|Any CPU.ActiveCfg = Release|Any CPU
		{5370AD1B-4027-54F5-B59C-9F3A11BB4412}.Release|Any CPU.Build.0 = Release|Any CPU
		{9BD0233D-51EC-5844-8642-3AABA0DDE78C}.Debug|Any CPU.ActiveCfg = Debug|Any CPU
		{9BD0233D-51EC-5844-8642-3AABA0DDE78C}.Debug|Any CPU.Build.0 = Debug|Any CPU
		{9BD0233D-51EC-5844-8642-3AABA0DDE78C}.Release|Any CPU.ActiveCfg = Release|Any CPU
		{9BD0233D-51EC-5844-8642-3AABA0DDE78C}.Release|Any CPU.Build.0 = Release|Any CPU
		{46851419-C3C5-56C1-822D-F0A76FA7548C}.Debug|Any CPU.ActiveCfg = Debug|Any CPU
		{46851419-C3C5-56C1-822D-F0A76FA7548C}.Debug|Any CPU.Build.0 = Debug|Any CPU
		{46851419-C3C5-56C1-822D-F0A76FA7548C}.Release|Any CPU.ActiveCfg = Release|Any CPU
		{46851419-C3C5-56C1-822D-F0A76FA7548C}.Release|Any CPU.Build.0 = Release|Any CPU
		{D489470A-5A27-5825-81FD-E3106D81D3EC}.Debug|Any CPU.ActiveCfg = Debug|Any CPU
		{D489470A-5A27-5825-81FD-E3106D81D3EC}.Debug|Any CPU.Build.0 = Debug|Any CPU
		{D489470A-5A27-5825-81FD-E3106D81D3EC}.Release|Any CPU.ActiveCfg = Release|Any CPU
		{D489470A-5A27-5825-81FD-E3106D81D3EC}.Release|Any CPU.Build.0 = Release|Any CPU
		{EF8769DA-367B-5639-B185-1D3CCD82AEB2}.Debug|Any CPU.ActiveCfg = Debug|Any CPU
		{EF8769DA-367B-5639-B185-1D3CCD82AEB2}.Debug|Any CPU.Build.0 = Debug|Any CPU
		{EF8769DA-367B-5639-B185-1D3CCD82AEB2}.Release|Any CPU.ActiveCfg = Release|Any CPU
		{EF8769DA-367B-5639-B185-1D3CCD82AEB2}.Release|Any CPU.Build.0 = Release|Any CPU
		{827B6D5A-E013-5D4E-BB48-D682594A8A61}.Debug|Any CPU.ActiveCfg = Debug|Any CPU
		{827B6D5A-E013-5D4E-BB48-D682594A8A61}.Debug|Any CPU.Build.0 = Debug|Any CPU
		{827B6D5A-E013-5D4E-BB48-D682594A8A61}.Release|Any CPU.ActiveCfg = Release|Any CPU
		{827B6D5A-E013-5D4E-BB48-D682594A8A61}.Release|Any CPU.Build.0 = Release|Any CPU
		{8898B7F6-3333-564D-9DF2-9B2120E7AFCC}.Debug|Any CPU.ActiveCfg = Debug|Any CPU
		{8898B7F6-3333-564D-9DF2-9B2120E7AFCC}.Debug|Any CPU.Build.0 = Debug|Any CPU
		{8898B7F6-3333-564D-9DF2-9B2120E7AFCC}.Release|Any CPU.ActiveCfg = Release|Any CPU
		{8898B7F6-3333-564D-9DF2-9B2120E7AFCC}.Release|Any CPU.Build.0 = Release|Any CPU
		{B114793A-25DB-577A-8898-926AD28F18BD}.Debug|Any CPU.ActiveCfg = Debug|Any CPU
		{B114793A-25DB-577A-8898-926AD28F18BD}.Debug|Any CPU.Build.0 = Debug|Any CPU
		{B114793A-25DB-577A-8898-926AD28F18BD}.Release|Any CPU.ActiveCfg = Release|Any CPU
		{B114793A-25DB-577A-8898-926AD28F18BD}.Release|Any CPU.Build.0 = Release|Any CPU
		{0D1560F8-414B-52E0-A79D-B39A9D6F1B1C}.Debug|Any CPU.ActiveCfg = Debug|Any CPU
		{0D1560F8-414B-52E0-A79D-B39A9D6F1B1C}.Debug|Any CPU.Build.0 = Debug|Any CPU
		{0D1560F8-414B-52E0-A79D-B39A9D6F1B1C}.Release|Any CPU.ActiveCfg = Release|Any CPU
		{0D1560F8-414B-52E0-A79D-B39A9D6F1B1C}.Release|Any CPU.Build.0 = Release|Any CPU
		{99FF447F-2AF3-55DE-B9B4-8159ABFBA01D}.Debug|Any CPU.ActiveCfg = Debug|Any CPU
		{99FF447F-2AF3-55DE-B9B4-8159ABFBA01D}.Debug|Any CPU.Build.0 = Debug|Any CPU
		{99FF447F-2AF3-55DE-B9B4-8159ABFBA01D}.Release|Any CPU.ActiveCfg = Release|Any CPU
		{99FF447F-2AF3-55DE-B9B4-8159ABFBA01D}.Release|Any CPU.Build.0 = Release|Any CPU
		{D46AAEAA-77F7-5156-ADB2-427373D90899}.Debug|Any CPU.ActiveCfg = Debug|Any CPU
		{D46AAEAA-77F7-5156-ADB2-427373D90899}.Debug|Any CPU.Build.0 = Debug|Any CPU
		{D46AAEAA-77F7-5156-ADB2-427373D90899}.Release|Any CPU.ActiveCfg = Release|Any CPU
		{D46AAEAA-77F7-5156-ADB2-427373D90899}.Release|Any CPU.Build.0 = Release|Any CPU
		{655D2D6C-39D1-59B3-979C-B8F77826BC41}.Debug|Any CPU.ActiveCfg = Debug|Any CPU
		{655D2D6C-39D1-59B3-979C-B8F77826BC41}.Debug|Any CPU.Build.0 = Debug|Any CPU
		{655D2D6C-39D1-59B3-979C-B8F77826BC41}.Release|Any CPU.ActiveCfg = Release|Any CPU
		{655D2D6C-39D1-59B3-979C-B8F77826BC41}.Release|Any CPU.Build.0 = Release|Any CPU
		{6F77158B-1BE8-5A9B-9038-B947BEC44561}.Debug|Any CPU.ActiveCfg = Debug|Any CPU
		{6F77158B-1BE8-5A9B-9038-B947BEC44561}.Debug|Any CPU.Build.0 = Debug|Any CPU
		{6F77158B-1BE8-5A9B-9038-B947BEC44561}.Release|Any CPU.ActiveCfg = Release|Any CPU
		{6F77158B-1BE8-5A9B-9038-B947BEC44561}.Release|Any CPU.Build.0 = Release|Any CPU
		{F7CE4507-2C8B-5702-A0C1-CCBF3BD2CCE7}.Debug|Any CPU.ActiveCfg = Debug|Any CPU
		{F7CE4507-2C8B-5702-A0C1-CCBF3BD2CCE7}.Debug|Any CPU.Build.0 = Debug|Any CPU
		{F7CE4507-2C8B-5702-A0C1-CCBF3BD2CCE7}.Release|Any CPU.ActiveCfg = Release|Any CPU
		{F7CE4507-2C8B-5702-A0C1-CCBF3BD2CCE7}.Release|Any CPU.Build.0 = Release|Any CPU
		{3FAD9225-DA8F-51A7-BBB1-C930398D378B}.Debug|Any CPU.ActiveCfg = Debug|Any CPU
		{3FAD9225-DA8F-51A7-BBB1-C930398D378B}.Debug|Any CPU.Build.0 = Debug|Any CPU
		{3FAD9225-DA8F-51A7-BBB1-C930398D378B}.Release|Any CPU.ActiveCfg = Release|Any CPU
		{3FAD9225-DA8F-51A7-BBB1-C930398D378B}.Release|Any CPU.Build.0 = Release|Any CPU
		{38C21216-EEA0-51DA-AD40-B4A865F7B0C6}.Debug|Any CPU.ActiveCfg = Debug|Any CPU
		{38C21216-EEA0-51DA-AD40-B4A865F7B0C6}.Debug|Any CPU.Build.0 = Debug|Any CPU
		{38C21216-EEA0-51DA-AD40-B4A865F7B0C6}.Release|Any CPU.ActiveCfg = Release|Any CPU
		{38C21216-EEA0-51DA-AD40-B4A865F7B0C6}.Release|Any CPU.Build.0 = Release|Any CPU
		{62E9F846-4AA1-5CC5-9760-D151D4970458}.Debug|Any CPU.ActiveCfg = Debug|Any CPU
		{62E9F846-4AA1-5CC5-9760-D151D4970458}.Debug|Any CPU.Build.0 = Debug|Any CPU
		{62E9F846-4AA1-5CC5-9760-D151D4970458}.Release|Any CPU.ActiveCfg = Release|Any CPU
		{62E9F846-4AA1-5CC5-9760-D151D4970458}.Release|Any CPU.Build.0 = Release|Any CPU
		{93CD9ABB-6779-547D-B278-66BB398B1D9F}.Debug|Any CPU.ActiveCfg = Debug|Any CPU
		{93CD9ABB-6779-547D-B278-66BB398B1D9F}.Debug|Any CPU.Build.0 = Debug|Any CPU
		{93CD9ABB-6779-547D-B278-66BB398B1D9F}.Release|Any CPU.ActiveCfg = Release|Any CPU
		{93CD9ABB-6779-547D-B278-66BB398B1D9F}.Release|Any CPU.Build.0 = Release|Any CPU
		{1198CD15-5BFA-5A78-A751-2E3A0AC5BDE2}.Debug|Any CPU.ActiveCfg = Debug|Any CPU
		{1198CD15-5BFA-5A78-A751-2E3A0AC5BDE2}.Debug|Any CPU.Build.0 = Debug|Any CPU
		{1198CD15-5BFA-5A78-A751-2E3A0AC5BDE2}.Release|Any CPU.ActiveCfg = Release|Any CPU
		{1198CD15-5BFA-5A78-A751-2E3A0AC5BDE2}.Release|Any CPU.Build.0 = Release|Any CPU
		{36DD2CF8-AEF6-5FF7-AC85-421CE6B3D066}.Debug|Any CPU.ActiveCfg = Debug|Any CPU
		{36DD2CF8-AEF6-5FF7-AC85-421CE6B3D066}.Debug|Any CPU.Build.0 = Debug|Any CPU
		{36DD2CF8-AEF6-5FF7-AC85-421CE6B3D066}.Release|Any CPU.ActiveCfg = Release|Any CPU
		{36DD2CF8-AEF6-5FF7-AC85-421CE6B3D066}.Release|Any CPU.Build.0 = Release|Any CPU
		{94418289-3D84-5895-9664-F16E0B141B8E}.Debug|Any CPU.ActiveCfg = Debug|Any CPU
		{94418289-3D84-5895-9664-F16E0B141B8E}.Debug|Any CPU.Build.0 = Debug|Any CPU
		{94418289-3D84-5895-9664-F16E0B141B8E}.Release|Any CPU.ActiveCfg = Release|Any CPU
		{94418289-3D84-5895-9664-F16E0B141B8E}.Release|Any CPU.Build.0 = Release|Any CPU
		{DF215A7D-0908-5B92-84AE-22B62EFE9965}.Debug|Any CPU.ActiveCfg = Debug|Any CPU
		{DF215A7D-0908-5B92-84AE-22B62EFE9965}.Debug|Any CPU.Build.0 = Debug|Any CPU
		{DF215A7D-0908-5B92-84AE-22B62EFE9965}.Release|Any CPU.ActiveCfg = Release|Any CPU
		{DF215A7D-0908-5B92-84AE-22B62EFE9965}.Release|Any CPU.Build.0 = Release|Any CPU
		{D4890B19-A9BA-517C-B081-B2673211CDE7}.Debug|Any CPU.ActiveCfg = Debug|Any CPU
		{D4890B19-A9BA-517C-B081-B2673211CDE7}.Debug|Any CPU.Build.0 = Debug|Any CPU
		{D4890B19-A9BA-517C-B081-B2673211CDE7}.Release|Any CPU.ActiveCfg = Release|Any CPU
		{D4890B19-A9BA-517C-B081-B2673211CDE7}.Release|Any CPU.Build.0 = Release|Any CPU
	EndGlobalSection
	GlobalSection(SolutionProperties) = preSolution
		HideSolutionNode = FALSE
	EndGlobalSection
	GlobalSection(NestedProjects) = preSolution
		{730EAC3B-3C97-5466-96A8-85A3F7B0C672} = {FD929939-0EA6-5A9F-961B-403474FE82B5}
		{857A8ECE-2FC7-5F12-A8C3-9A5E41480B18} = {FD929939-0EA6-5A9F-961B-403474FE82B5}
		{B4048E37-3A2C-5DE1-9945-4161003461E5} = {FD929939-0EA6-5A9F-961B-403474FE82B5}
		{0349A9C3-DD4B-5A0E-983E-95050219F655} = {FD929939-0EA6-5A9F-961B-403474FE82B5}
		{BECC9B5D-BFE5-5C9B-80C4-FBC57E480D73} = {FD929939-0EA6-5A9F-961B-403474FE82B5}
		{0311C49B-5483-555D-AA26-20B4EA80804C} = {FD929939-0EA6-5A9F-961B-403474FE82B5}
		{06E4673C-7E51-5FEB-83B6-BC29DA14EDB8} = {0311C49B-5483-555D-AA26-20B4EA80804C}
		{2A7CC105-7443-5644-88DF-60E3AE6706AC} = {06E4673C-7E51-5FEB-83B6-BC29DA14EDB8}
		{23358FC6-C93A-5475-BB02-E57C1C407B5F} = {0311C49B-5483-555D-AA26-20B4EA80804C}
		{44ABF079-CA60-56DF-98E8-37F05B88E924} = {23358FC6-C93A-5475-BB02-E57C1C407B5F}
		{C24AA53E-8A4E-5D71-BABD-04DDB22CD46D} = {FD929939-0EA6-5A9F-961B-403474FE82B5}
		{F5851ED9-3D33-5A97-A375-559DDAA79B9A} = {730EAC3B-3C97-5466-96A8-85A3F7B0C672}
		{52717BB8-B807-5739-9AC2-572584E7F709} = {730EAC3B-3C97-5466-96A8-85A3F7B0C672}
		{BEC21C7F-AB85-50E9-BCAE-163D8FB4A97A} = {857A8ECE-2FC7-5F12-A8C3-9A5E41480B18}
		{192E14B0-53F2-5C7E-92C0-1DC92A5E1300} = {857A8ECE-2FC7-5F12-A8C3-9A5E41480B18}
		{4602A9E5-CFE4-5263-A98D-0FD41B0C49B0} = {B4048E37-3A2C-5DE1-9945-4161003461E5}
		{15BD2AAC-8131-5094-B979-49410326420F} = {B4048E37-3A2C-5DE1-9945-4161003461E5}
		{07EB49B9-40A1-59C4-AFED-A0001C3247F3} = {B4048E37-3A2C-5DE1-9945-4161003461E5}
		{A1DE5A3D-890A-5A4C-B7BE-822579BD205D} = {B4048E37-3A2C-5DE1-9945-4161003461E5}
		{2AC6C649-4993-56AF-84B1-7D2A3FC7F71E} = {0349A9C3-DD4B-5A0E-983E-95050219F655}
		{827C22C8-32CF-5CB5-BFF1-73942CE71AB6} = {0349A9C3-DD4B-5A0E-983E-95050219F655}
		{5785B0E3-E614-5BEB-BDC6-D6ADEFC22FAB} = {BECC9B5D-BFE5-5C9B-80C4-FBC57E480D73}
		{5370AD1B-4027-54F5-B59C-9F3A11BB4412} = {06E4673C-7E51-5FEB-83B6-BC29DA14EDB8}
		{9BD0233D-51EC-5844-8642-3AABA0DDE78C} = {06E4673C-7E51-5FEB-83B6-BC29DA14EDB8}
		{46851419-C3C5-56C1-822D-F0A76FA7548C} = {06E4673C-7E51-5FEB-83B6-BC29DA14EDB8}
		{D489470A-5A27-5825-81FD-E3106D81D3EC} = {06E4673C-7E51-5FEB-83B6-BC29DA14EDB8}
		{EF8769DA-367B-5639-B185-1D3CCD82AEB2} = {06E4673C-7E51-5FEB-83B6-BC29DA14EDB8}
		{827B6D5A-E013-5D4E-BB48-D682594A8A61} = {06E4673C-7E51-5FEB-83B6-BC29DA14EDB8}
		{8898B7F6-3333-564D-9DF2-9B2120E7AFCC} = {2A7CC105-7443-5644-88DF-60E3AE6706AC}
		{B114793A-25DB-577A-8898-926AD28F18BD} = {2A7CC105-7443-5644-88DF-60E3AE6706AC}
		{0D1560F8-414B-52E0-A79D-B39A9D6F1B1C} = {2A7CC105-7443-5644-88DF-60E3AE6706AC}
		{99FF447F-2AF3-55DE-B9B4-8159ABFBA01D} = {23358FC6-C93A-5475-BB02-E57C1C407B5F}
		{D46AAEAA-77F7-5156-ADB2-427373D90899} = {23358FC6-C93A-5475-BB02-E57C1C407B5F}
		{655D2D6C-39D1-59B3-979C-B8F77826BC41} = {23358FC6-C93A-5475-BB02-E57C1C407B5F}
		{6F77158B-1BE8-5A9B-9038-B947BEC44561} = {23358FC6-C93A-5475-BB02-E57C1C407B5F}
		{F7CE4507-2C8B-5702-A0C1-CCBF3BD2CCE7} = {23358FC6-C93A-5475-BB02-E57C1C407B5F}
		{3FAD9225-DA8F-51A7-BBB1-C930398D378B} = {23358FC6-C93A-5475-BB02-E57C1C407B5F}
		{38C21216-EEA0-51DA-AD40-B4A865F7B0C6} = {44ABF079-CA60-56DF-98E8-37F05B88E924}
		{62E9F846-4AA1-5CC5-9760-D151D4970458} = {44ABF079-CA60-56DF-98E8-37F05B88E924}
		{93CD9ABB-6779-547D-B278-66BB398B1D9F} = {44ABF079-CA60-56DF-98E8-37F05B88E924}
		{1198CD15-5BFA-5A78-A751-2E3A0AC5BDE2} = {C24AA53E-8A4E-5D71-BABD-04DDB22CD46D}
		{36DD2CF8-AEF6-5FF7-AC85-421CE6B3D066} = {C24AA53E-8A4E-5D71-BABD-04DDB22CD46D}
		{94418289-3D84-5895-9664-F16E0B141B8E} = {C24AA53E-8A4E-5D71-BABD-04DDB22CD46D}
		{DF215A7D-0908-5B92-84AE-22B62EFE9965} = {C24AA53E-8A4E-5D71-BABD-04DDB22CD46D}
		{D4890B19-A9BA-517C-B081-B2673211CDE7} = {C6F9EF17-464B-5568-87E7-FDD0B750CDA0}
	EndGlobalSection
EndGlobal
